
Microsoft Visual Studio Solution File, Format Version 12.00
# Visual Studio 14
VisualStudioVersion = 14.0.25123.0
MinimumVisualStudioVersion = 10.0.40219.1
Project("{2AC8EBC2-5F60-4DD6-A176-F8D394333C42}") = "Sitecore.Support.93603", "Sitecore.Support.93603\Sitecore.Support.93603.csproj", "{9BEF55C0-7194-4FF6-83EE-34297D6468D5}"
EndProject
Global
	GlobalSection(SolutionConfigurationPlatforms) = preSolution
		Debug|Any CPU = Debug|Any CPU
		Release|Any CPU = Release|Any CPU
	EndGlobalSection
	GlobalSection(ProjectConfigurationPlatforms) = postSolution
		{9BEF55C0-7194-4FF6-83EE-34297D6468D5}.Debug|Any CPU.ActiveCfg = Debug|Any CPU
		{9BEF55C0-7194-4FF6-83EE-34297D6468D5}.Debug|Any CPU.Build.0 = Debug|Any CPU
		{9BEF55C0-7194-4FF6-83EE-34297D6468D5}.Release|Any CPU.ActiveCfg = Release|Any CPU
		{9BEF55C0-7194-4FF6-83EE-34297D6468D5}.Release|Any CPU.Build.0 = Release|Any CPU
	EndGlobalSection
	GlobalSection(SolutionProperties) = preSolution
		HideSolutionNode = FALSE
	EndGlobalSection
EndGlobal
